{
  "name": "visual",
  "requires": true,
  "lockfileVersion": 1,
  "dependencies": {
    "powerbi-visuals-utils-dataviewutils": {
      "version": "1.5.0",
      "resolved": "https://registry.npmjs.org/powerbi-visuals-utils-dataviewutils/-/powerbi-visuals-utils-dataviewutils-1.5.0.tgz",
      "integrity": "sha512-tqosm6uHCCg+rSlUCfb/tBGptwzSom6mlefeckOTySqj6Pz+dZP4WnSF9E9D07pcwfTkl5wSidIVMB0kz0tkLQ=="
    }
  }
}
